
Microsoft Visual Studio Solution File, Format Version 12.00
# Visual Studio 2012
Project("{FAE04EC0-301F-11D3-BF4B-00C04F79EFBC}") = "RuleEngine", "RuleEngine\RuleEngine.csproj", "{DACC9158-0A35-4374-B955-0A193752FD98}"
EndProject
Project("{FAE04EC0-301F-11D3-BF4B-00C04F79EFBC}") = "nRulesRuleEngine", "nRulesRuleEngine\nRulesRuleEngine.csproj", "{B01DA64C-9E73-48C5-99DE-776FE6C83FA1}"
EndProject
Project("{FAE04EC0-301F-11D3-BF4B-00C04F79EFBC}") = "RulesWF", "RulesWF\RulesWF.csproj", "{A5F79FAD-409A-4659-93B4-B3D416EF1357}"
EndProject
Global
	GlobalSection(SolutionConfigurationPlatforms) = preSolution
		Debug|Any CPU = Debug|Any CPU
		Release|Any CPU = Release|Any CPU
	EndGlobalSection
	GlobalSection(ProjectConfigurationPlatforms) = postSolution
		{DACC9158-0A35-4374-B955-0A193752FD98}.Debug|Any CPU.ActiveCfg = Debug|Any CPU
		{DACC9158-0A35-4374-B955-0A193752FD98}.Debug|Any CPU.Build.0 = Debug|Any CPU
		{DACC9158-0A35-4374-B955-0A193752FD98}.Release|Any CPU.ActiveCfg = Release|Any CPU
		{DACC9158-0A35-4374-B955-0A193752FD98}.Release|Any CPU.Build.0 = Release|Any CPU
		{B01DA64C-9E73-48C5-99DE-776FE6C83FA1}.Debug|Any CPU.ActiveCfg = Debug|Any CPU
		{B01DA64C-9E73-48C5-99DE-776FE6C83FA1}.Debug|Any CPU.Build.0 = Debug|Any CPU
		{B01DA64C-9E73-48C5-99DE-776FE6C83FA1}.Release|Any CPU.ActiveCfg = Release|Any CPU
		{B01DA64C-9E73-48C5-99DE-776FE6C83FA1}.Release|Any CPU.Build.0 = Release|Any CPU
		{A5F79FAD-409A-4659-93B4-B3D416EF1357}.Debug|Any CPU.ActiveCfg = Debug|Any CPU
		{A5F79FAD-409A-4659-93B4-B3D416EF1357}.Debug|Any CPU.Build.0 = Debug|Any CPU
		{A5F79FAD-409A-4659-93B4-B3D416EF1357}.Release|Any CPU.ActiveCfg = Release|Any CPU
		{A5F79FAD-409A-4659-93B4-B3D416EF1357}.Release|Any CPU.Build.0 = Release|Any CPU
	EndGlobalSection
	GlobalSection(SolutionProperties) = preSolution
		HideSolutionNode = FALSE
	EndGlobalSection
EndGlobal
